
Microsoft Visual Studio Solution File, Format Version 12.00
# Visual Studio Version 17
VisualStudioVersion = 17.7.34024.191
MinimumVisualStudioVersion = 10.0.40219.1
Project("{FAE04EC0-301F-11D3-BF4B-00C04F79EFBC}") = "PalindromeCheck", "PalindromeCheck.csproj", "{06529200-B028-45BF-A59E-B29DE9D53597}"
EndProject
Global
	GlobalSection(SolutionConfigurationPlatforms) = preSolution
		Debug|Any CPU = Debug|Any CPU
		Release|Any CPU = Release|Any CPU
	EndGlobalSection
	GlobalSection(ProjectConfigurationPlatforms) = postSolution
		{06529200-B028-45BF-A59E-B29DE9D53597}.Debug|Any CPU.ActiveCfg = Debug|Any CPU
		{06529200-B028-45BF-A59E-B29DE9D53597}.Debug|Any CPU.Build.0 = Debug|Any CPU
		{06529200-B028-45BF-A59E-B29DE9D53597}.Release|Any CPU.ActiveCfg = Release|Any CPU
		{06529200-B028-45BF-A59E-B29DE9D53597}.Release|Any CPU.Build.0 = Release|Any CPU
	EndGlobalSection
	GlobalSection(SolutionProperties) = preSolution
		HideSolutionNode = FALSE
	EndGlobalSection
	GlobalSection(ExtensibilityGlobals) = postSolution
		SolutionGuid = {171FB69A-B8AE-419D-AAE7-45FA84D6F0DC}
	EndGlobalSection
EndGlobal
